# This file is automatically @generated by Cargo.
# It is not intended for manual editing.
version = 3

[[package]]
name = "badstack"
version = "0.0.0"

[[package]]
name = "dubdeque"
version = "0.0.0"

[[package]]
name = "gangsterlist"
version = "0.0.0"

[[package]]
name = "ptrplayground"
version = "0.0.0"

[[package]]
name = "reflist"
version = "0.0.0"

[[package]]
name = "toughlist"
version = "0.0.0"

[[package]]
name = "unsafelist"
version = "0.0.0"
